
Microsoft Visual Studio Solution File, Format Version 12.00
# Visual Studio Version 16
VisualStudioVersion = 16.0.33214.272
MinimumVisualStudioVersion = 10.0.40219.1
Project("{FAE04EC0-301F-11D3-BF4B-00C04F79EFBC}") = "namor", "namor\namor.csproj", "{7AACB827-BF8E-46E4-BCFC-05BF88EADFAB}"
EndProject
Global
	GlobalSection(SolutionConfigurationPlatforms) = preSolution
		Debug|Any CPU = Debug|Any CPU
		Release|Any CPU = Release|Any CPU
	EndGlobalSection
	GlobalSection(ProjectConfigurationPlatforms) = postSolution
		{7AACB827-BF8E-46E4-BCFC-05BF88EADFAB}.Debug|Any CPU.ActiveCfg = Debug|Any CPU
		{7AACB827-BF8E-46E4-BCFC-05BF88EADFAB}.Debug|Any CPU.Build.0 = Debug|Any CPU
		{7AACB827-BF8E-46E4-BCFC-05BF88EADFAB}.Release|Any CPU.ActiveCfg = Release|Any CPU
		{7AACB827-BF8E-46E4-BCFC-05BF88EADFAB}.Release|Any CPU.Build.0 = Release|Any CPU
	EndGlobalSection
	GlobalSection(SolutionProperties) = preSolution
		HideSolutionNode = FALSE
	EndGlobalSection
	GlobalSection(ExtensibilityGlobals) = postSolution
		SolutionGuid = {1CA278AE-B9EB-4E34-99FC-5792272F53AD}
	EndGlobalSection
EndGlobal
